
Microsoft Visual Studio Solution File, Format Version 12.00
# Visual Studio Version 17
VisualStudioVersion = 17.5.002.0
MinimumVisualStudioVersion = 10.0.40219.1
Project("{9A19103F-16F7-4668-BE54-9A1E7A4F7556}") = "TodoApi", "TodoApi\TodoApi.csproj", "{7615D4A3-B38C-4C10-9D04-D5E93FBAAC65}"
EndProject
Project("{FAE04EC0-301F-11D3-BF4B-00C04F79EFBC}") = "TodoApiTest", "TodoApiTest\TodoApiTest.csproj", "{DD2361CD-C2A6-452D-9E47-CBC7FFDBBD96}"
EndProject
Global
	GlobalSection(SolutionConfigurationPlatforms) = preSolution
		Debug|Any CPU = Debug|Any CPU
		Release|Any CPU = Release|Any CPU
	EndGlobalSection
	GlobalSection(ProjectConfigurationPlatforms) = postSolution
		{7615D4A3-B38C-4C10-9D04-D5E93FBAAC65}.Debug|Any CPU.ActiveCfg = Debug|Any CPU
		{7615D4A3-B38C-4C10-9D04-D5E93FBAAC65}.Debug|Any CPU.Build.0 = Debug|Any CPU
		{7615D4A3-B38C-4C10-9D04-D5E93FBAAC65}.Release|Any CPU.ActiveCfg = Release|Any CPU
		{7615D4A3-B38C-4C10-9D04-D5E93FBAAC65}.Release|Any CPU.Build.0 = Release|Any CPU
		{DD2361CD-C2A6-452D-9E47-CBC7FFDBBD96}.Debug|Any CPU.ActiveCfg = Debug|Any CPU
		{DD2361CD-C2A6-452D-9E47-CBC7FFDBBD96}.Debug|Any CPU.Build.0 = Debug|Any CPU
		{DD2361CD-C2A6-452D-9E47-CBC7FFDBBD96}.Release|Any CPU.ActiveCfg = Release|Any CPU
		{DD2361CD-C2A6-452D-9E47-CBC7FFDBBD96}.Release|Any CPU.Build.0 = Release|Any CPU
	EndGlobalSection
	GlobalSection(SolutionProperties) = preSolution
		HideSolutionNode = FALSE
	EndGlobalSection
	GlobalSection(ExtensibilityGlobals) = postSolution
		SolutionGuid = {9D5826B1-9B90-4314-A354-77D00E88C9B8}
	EndGlobalSection
EndGlobal
